
Microsoft Visual Studio Solution File, Format Version 12.00
# Visual Studio Version 17
VisualStudioVersion = 17.1.32210.238
MinimumVisualStudioVersion = 10.0.40219.1
Project("{FAE04EC0-301F-11D3-BF4B-00C04F79EFBC}") = "telehealth", "telehealth\telehealth.csproj", "{A6C99D24-B7AE-4993-B377-7E36FC0C927F}"
EndProject
Global
	GlobalSection(SolutionConfigurationPlatforms) = preSolution
		Debug|Any CPU = Debug|Any CPU
		Release|Any CPU = Release|Any CPU
	EndGlobalSection
	GlobalSection(ProjectConfigurationPlatforms) = postSolution
		{A6C99D24-B7AE-4993-B377-7E36FC0C927F}.Debug|Any CPU.ActiveCfg = Debug|Any CPU
		{A6C99D24-B7AE-4993-B377-7E36FC0C927F}.Debug|Any CPU.Build.0 = Debug|Any CPU
		{A6C99D24-B7AE-4993-B377-7E36FC0C927F}.Release|Any CPU.ActiveCfg = Release|Any CPU
		{A6C99D24-B7AE-4993-B377-7E36FC0C927F}.Release|Any CPU.Build.0 = Release|Any CPU
	EndGlobalSection
	GlobalSection(SolutionProperties) = preSolution
		HideSolutionNode = FALSE
	EndGlobalSection
	GlobalSection(ExtensibilityGlobals) = postSolution
		SolutionGuid = {0C917D1D-14A4-45FA-B53E-05B8C2A627FA}
	EndGlobalSection
EndGlobal
